// !$*UTF8*$!
{
	archiveVersion = 1;
	classes = {
	};
	objectVersion = 56;
	objects = {

/* Begin PBXBuildFile section */
		160981FF2B07C79D00697FEE /* Models.swift in Sources */ = {isa = PBXBuildFile; fileRef = 160981F92B07C79D00697FEE /* Models.swift */; };
		160982002B07C79D00697FEE /* pokedex-data.json in Resources */ = {isa = PBXBuildFile; fileRef = 160981FA2B07C79D00697FEE /* pokedex-data.json */; };
		160982012B07C79D00697FEE /* PokemonViewModel.swift in Sources */ = {isa = PBXBuildFile; fileRef = 160981FB2B07C79D00697FEE /* PokemonViewModel.swift */; };
		160982022B07C79D00697FEE /* PokeyView.swift in Sources */ = {isa = PBXBuildFile; fileRef = 160981FC2B07C79D00697FEE /* PokeyView.swift */; };
		160982032B07C79D00697FEE /* PokedexService.swift in Sources */ = {isa = PBXBuildFile; fileRef = 160981FD2B07C79D00697FEE /* PokedexService.swift */; };
		160982042B07C79D00697FEE /* PokemonView.swift in Sources */ = {isa = PBXBuildFile; fileRef = 160981FE2B07C79D00697FEE /* PokemonView.swift */; };
		163E657D2AFD8EA000941A3C /* BallDontLieService.swift in Sources */ = {isa = PBXBuildFile; fileRef = 163E657C2AFD8EA000941A3C /* BallDontLieService.swift */; };
		163E657F2AFD8FFC00941A3C /* PlayerView.swift in Sources */ = {isa = PBXBuildFile; fileRef = 163E657E2AFD8FFC00941A3C /* PlayerView.swift */; };
		163E65812AFD901500941A3C /* PlayerViewModel.swift in Sources */ = {isa = PBXBuildFile; fileRef = 163E65802AFD901500941A3C /* PlayerViewModel.swift */; };
		16775F3F2AD89EA2008EB47F /* Meeting3.swift in Sources */ = {isa = PBXBuildFile; fileRef = 16775F3E2AD89EA2008EB47F /* Meeting3.swift */; };
		16775F5D2AD8A3B8008EB47F /* Counter.swift in Sources */ = {isa = PBXBuildFile; fileRef = 16775F5C2AD8A3B8008EB47F /* Counter.swift */; };
		16775F792AD8B1A1008EB47F /* ToggleButton.swift in Sources */ = {isa = PBXBuildFile; fileRef = 16775F782AD8B1A1008EB47F /* ToggleButton.swift */; };
		1687E6742AEB0CFA004C7F20 /* NavigationRoot.swift in Sources */ = {isa = PBXBuildFile; fileRef = 1687E6732AEB0CFA004C7F20 /* NavigationRoot.swift */; };
		1687E6762AEB0DF2004C7F20 /* SubView.swift in Sources */ = {isa = PBXBuildFile; fileRef = 1687E6752AEB0DF2004C7F20 /* SubView.swift */; };
		1687E6782AEB1106004C7F20 /* TabHome.swift in Sources */ = {isa = PBXBuildFile; fileRef = 1687E6772AEB1106004C7F20 /* TabHome.swift */; };
		1687E67A2AEB1199004C7F20 /* GeneratedView.swift in Sources */ = {isa = PBXBuildFile; fileRef = 1687E6792AEB1199004C7F20 /* GeneratedView.swift */; };
		1687E67C2AEB12C8004C7F20 /* RosterItem.swift in Sources */ = {isa = PBXBuildFile; fileRef = 1687E67B2AEB12C8004C7F20 /* RosterItem.swift */; };
		1687E67E2AEB14E0004C7F20 /* ListView.swift in Sources */ = {isa = PBXBuildFile; fileRef = 1687E67D2AEB14E0004C7F20 /* ListView.swift */; };
		1687E6802AEB166B004C7F20 /* ToDos.swift in Sources */ = {isa = PBXBuildFile; fileRef = 1687E67F2AEB166B004C7F20 /* ToDos.swift */; };
		16A4CA6C2ACF620600A476DF /* f23_academy_playgroundApp.swift in Sources */ = {isa = PBXBuildFile; fileRef = 16A4CA6B2ACF620600A476DF /* f23_academy_playgroundApp.swift */; };
		16A4CA6E2ACF620600A476DF /* ContentView.swift in Sources */ = {isa = PBXBuildFile; fileRef = 16A4CA6D2ACF620600A476DF /* ContentView.swift */; };
		16A4CA702ACF620C00A476DF /* Assets.xcassets in Resources */ = {isa = PBXBuildFile; fileRef = 16A4CA6F2ACF620C00A476DF /* Assets.xcassets */; };
		16A4CA732ACF620C00A476DF /* Preview Assets.xcassets in Resources */ = {isa = PBXBuildFile; fileRef = 16A4CA722ACF620C00A476DF /* Preview Assets.xcassets */; };
		16A4CA7B2ACF626700A476DF /* NestedViews.swift in Sources */ = {isa = PBXBuildFile; fileRef = 16A4CA7A2ACF626700A476DF /* NestedViews.swift */; };
		16A4CA972ACF72E000A476DF /* TextView.swift in Sources */ = {isa = PBXBuildFile; fileRef = 16A4CA962ACF72E000A476DF /* TextView.swift */; };
		16A4CAB32ACF9C5A00A476DF /* InstagramView.swift in Sources */ = {isa = PBXBuildFile; fileRef = 16A4CAB22ACF9C5A00A476DF /* InstagramView.swift */; };
		16B5CBAB2AF4466F00303696 /* WrongToDoView.swift in Sources */ = {isa = PBXBuildFile; fileRef = 16B5CBAA2AF4466F00303696 /* WrongToDoView.swift */; };
		16B5CBAD2AF446B700303696 /* WrongToDoModel.swift in Sources */ = {isa = PBXBuildFile; fileRef = 16B5CBAC2AF446B700303696 /* WrongToDoModel.swift */; };
		16B5CBAF2AF44B5900303696 /* WrongToDoItemView.swift in Sources */ = {isa = PBXBuildFile; fileRef = 16B5CBAE2AF44B5900303696 /* WrongToDoItemView.swift */; };
		16B5CBB12AF44D3A00303696 /* UserView.swift in Sources */ = {isa = PBXBuildFile; fileRef = 16B5CBB02AF44D3A00303696 /* UserView.swift */; };
		16B5CBB32AF44D7F00303696 /* User.swift in Sources */ = {isa = PBXBuildFile; fileRef = 16B5CBB22AF44D7F00303696 /* User.swift */; };
		16B5CBB52AF44F3C00303696 /* UserCard.swift in Sources */ = {isa = PBXBuildFile; fileRef = 16B5CBB42AF44F3C00303696 /* UserCard.swift */; };
		16B5CBB72AF4612D00303696 /* LifteyViewModel.swift in Sources */ = {isa = PBXBuildFile; fileRef = 16B5CBB62AF4612D00303696 /* LifteyViewModel.swift */; };
		16B5CBB92AF4616300303696 /* LifteyView.swift in Sources */ = {isa = PBXBuildFile; fileRef = 16B5CBB82AF4616300303696 /* LifteyView.swift */; };
		16B5CBBB2AF4618F00303696 /* AddWorkoutView.swift in Sources */ = {isa = PBXBuildFile; fileRef = 16B5CBBA2AF4618F00303696 /* AddWorkoutView.swift */; };
		16B5CBBD2AF4634C00303696 /* Exercise.swift in Sources */ = {isa = PBXBuildFile; fileRef = 16B5CBBC2AF4634C00303696 /* Exercise.swift */; };
		16B5CBBF2AF465D000303696 /* ExerciseRowItemView.swift in Sources */ = {isa = PBXBuildFile; fileRef = 16B5CBBE2AF465D000303696 /* ExerciseRowItemView.swift */; };
		16B5CBC12AF4661C00303696 /* WorkoutView.swift in Sources */ = {isa = PBXBuildFile; fileRef = 16B5CBC02AF4661C00303696 /* WorkoutView.swift */; };
/* End PBXBuildFile section */

/* Begin PBXFileReference section */
		160981F92B07C79D00697FEE /* Models.swift */ = {isa = PBXFileReference; fileEncoding = 4; lastKnownFileType = sourcecode.swift; path = Models.swift; sourceTree = "<group>"; };
		160981FA2B07C79D00697FEE /* pokedex-data.json */ = {isa = PBXFileReference; fileEncoding = 4; lastKnownFileType = text.json; path = "pokedex-data.json"; sourceTree = "<group>"; };
		160981FB2B07C79D00697FEE /* PokemonViewModel.swift */ = {isa = PBXFileReference; fileEncoding = 4; lastKnownFileType = sourcecode.swift; path = PokemonViewModel.swift; sourceTree = "<group>"; };
		160981FC2B07C79D00697FEE /* PokeyView.swift */ = {isa = PBXFileReference; fileEncoding = 4; lastKnownFileType = sourcecode.swift; path = PokeyView.swift; sourceTree = "<group>"; };
		160981FD2B07C79D00697FEE /* PokedexService.swift */ = {isa = PBXFileReference; fileEncoding = 4; lastKnownFileType = sourcecode.swift; path = PokedexService.swift; sourceTree = "<group>"; };
		160981FE2B07C79D00697FEE /* PokemonView.swift */ = {isa = PBXFileReference; fileEncoding = 4; lastKnownFileType = sourcecode.swift; path = PokemonView.swift; sourceTree = "<group>"; };
		163E657C2AFD8EA000941A3C /* BallDontLieService.swift */ = {isa = PBXFileReference; lastKnownFileType = sourcecode.swift; path = BallDontLieService.swift; sourceTree = "<group>"; };
		163E657E2AFD8FFC00941A3C /* PlayerView.swift */ = {isa = PBXFileReference; lastKnownFileType = sourcecode.swift; path = PlayerView.swift; sourceTree = "<group>"; };
		163E65802AFD901500941A3C /* PlayerViewModel.swift */ = {isa = PBXFileReference; lastKnownFileType = sourcecode.swift; path = PlayerViewModel.swift; sourceTree = "<group>"; };
		16775F3E2AD89EA2008EB47F /* Meeting3.swift */ = {isa = PBXFileReference; lastKnownFileType = sourcecode.swift; path = Meeting3.swift; sourceTree = "<group>"; };
		16775F5C2AD8A3B8008EB47F /* Counter.swift */ = {isa = PBXFileReference; lastKnownFileType = sourcecode.swift; path = Counter.swift; sourceTree = "<group>"; };
		16775F782AD8B1A1008EB47F /* ToggleButton.swift */ = {isa = PBXFileReference; lastKnownFileType = sourcecode.swift; path = ToggleButton.swift; sourceTree = "<group>"; };
		1687E6732AEB0CFA004C7F20 /* NavigationRoot.swift */ = {isa = PBXFileReference; lastKnownFileType = sourcecode.swift; path = NavigationRoot.swift; sourceTree = "<group>"; };
		1687E6752AEB0DF2004C7F20 /* SubView.swift */ = {isa = PBXFileReference; lastKnownFileType = sourcecode.swift; path = SubView.swift; sourceTree = "<group>"; };
		1687E6772AEB1106004C7F20 /* TabHome.swift */ = {isa = PBXFileReference; lastKnownFileType = sourcecode.swift; path = TabHome.swift; sourceTree = "<group>"; };
		1687E6792AEB1199004C7F20 /* GeneratedView.swift */ = {isa = PBXFileReference; lastKnownFileType = sourcecode.swift; path = GeneratedView.swift; sourceTree = "<group>"; };
		1687E67B2AEB12C8004C7F20 /* RosterItem.swift */ = {isa = PBXFileReference; lastKnownFileType = sourcecode.swift; path = RosterItem.swift; sourceTree = "<group>"; };
		1687E67D2AEB14E0004C7F20 /* ListView.swift */ = {isa = PBXFileReference; lastKnownFileType = sourcecode.swift; path = ListView.swift; sourceTree = "<group>"; };
		1687E67F2AEB166B004C7F20 /* ToDos.swift */ = {isa = PBXFileReference; lastKnownFileType = sourcecode.swift; path = ToDos.swift; sourceTree = "<group>"; };
		16A4CA682ACF620500A476DF /* f23-academy-playground.app */ = {isa = PBXFileReference; explicitFileType = wrapper.application; includeInIndex = 0; path = "f23-academy-playground.app"; sourceTree = BUILT_PRODUCTS_DIR; };
		16A4CA6B2ACF620600A476DF /* f23_academy_playgroundApp.swift */ = {isa = PBXFileReference; lastKnownFileType = sourcecode.swift; path = f23_academy_playgroundApp.swift; sourceTree = "<group>"; };
		16A4CA6D2ACF620600A476DF /* ContentView.swift */ = {isa = PBXFileReference; lastKnownFileType = sourcecode.swift; path = ContentView.swift; sourceTree = "<group>"; };
		16A4CA6F2ACF620C00A476DF /* Assets.xcassets */ = {isa = PBXFileReference; lastKnownFileType = folder.assetcatalog; path = Assets.xcassets; sourceTree = "<group>"; };
		16A4CA722ACF620C00A476DF /* Preview Assets.xcassets */ = {isa = PBXFileReference; lastKnownFileType = folder.assetcatalog; path = "Preview Assets.xcassets"; sourceTree = "<group>"; };
		16A4CA7A2ACF626700A476DF /* NestedViews.swift */ = {isa = PBXFileReference; lastKnownFileType = sourcecode.swift; path = NestedViews.swift; sourceTree = "<group>"; };
		16A4CA962ACF72E000A476DF /* TextView.swift */ = {isa = PBXFileReference; lastKnownFileType = sourcecode.swift; path = TextView.swift; sourceTree = "<group>"; };
		16A4CAB22ACF9C5A00A476DF /* InstagramView.swift */ = {isa = PBXFileReference; lastKnownFileType = sourcecode.swift; path = InstagramView.swift; sourceTree = "<group>"; };
		16B5CBAA2AF4466F00303696 /* WrongToDoView.swift */ = {isa = PBXFileReference; lastKnownFileType = sourcecode.swift; path = WrongToDoView.swift; sourceTree = "<group>"; };
		16B5CBAC2AF446B700303696 /* WrongToDoModel.swift */ = {isa = PBXFileReference; lastKnownFileType = sourcecode.swift; path = WrongToDoModel.swift; sourceTree = "<group>"; };
		16B5CBAE2AF44B5900303696 /* WrongToDoItemView.swift */ = {isa = PBXFileReference; lastKnownFileType = sourcecode.swift; path = WrongToDoItemView.swift; sourceTree = "<group>"; };
		16B5CBB02AF44D3A00303696 /* UserView.swift */ = {isa = PBXFileReference; lastKnownFileType = sourcecode.swift; path = UserView.swift; sourceTree = "<group>"; };
		16B5CBB22AF44D7F00303696 /* User.swift */ = {isa = PBXFileReference; lastKnownFileType = sourcecode.swift; path = User.swift; sourceTree = "<group>"; };
		16B5CBB42AF44F3C00303696 /* UserCard.swift */ = {isa = PBXFileReference; lastKnownFileType = sourcecode.swift; path = UserCard.swift; sourceTree = "<group>"; };
		16B5CBB62AF4612D00303696 /* LifteyViewModel.swift */ = {isa = PBXFileReference; lastKnownFileType = sourcecode.swift; path = LifteyViewModel.swift; sourceTree = "<group>"; };
		16B5CBB82AF4616300303696 /* LifteyView.swift */ = {isa = PBXFileReference; lastKnownFileType = sourcecode.swift; path = LifteyView.swift; sourceTree = "<group>"; };
		16B5CBBA2AF4618F00303696 /* AddWorkoutView.swift */ = {isa = PBXFileReference; lastKnownFileType = sourcecode.swift; path = AddWorkoutView.swift; sourceTree = "<group>"; };
		16B5CBBC2AF4634C00303696 /* Exercise.swift */ = {isa = PBXFileReference; lastKnownFileType = sourcecode.swift; path = Exercise.swift; sourceTree = "<group>"; };
		16B5CBBE2AF465D000303696 /* ExerciseRowItemView.swift */ = {isa = PBXFileReference; lastKnownFileType = sourcecode.swift; path = ExerciseRowItemView.swift; sourceTree = "<group>"; };
		16B5CBC02AF4661C00303696 /* WorkoutView.swift */ = {isa = PBXFileReference; lastKnownFileType = sourcecode.swift; path = WorkoutView.swift; sourceTree = "<group>"; };
/* End PBXFileReference section */

/* Begin PBXFrameworksBuildPhase section */
		16A4CA652ACF620500A476DF /* Frameworks */ = {
			isa = PBXFrameworksBuildPhase;
			buildActionMask = 2147483647;
			files = (
			);
			runOnlyForDeploymentPostprocessing = 0;
		};
/* End PBXFrameworksBuildPhase section */

/* Begin PBXGroup section */
		160981F82B07C78200697FEE /* Meeting 8 */ = {
			isa = PBXGroup;
			children = (
				160981FC2B07C79D00697FEE /* PokeyView.swift */,
				160981F92B07C79D00697FEE /* Models.swift */,
				160981FA2B07C79D00697FEE /* pokedex-data.json */,
				160981FD2B07C79D00697FEE /* PokedexService.swift */,
				160981FE2B07C79D00697FEE /* PokemonView.swift */,
				160981FB2B07C79D00697FEE /* PokemonViewModel.swift */,
			);
			path = "Meeting 8";
			sourceTree = "<group>";
		};
		163E657B2AFD8C7900941A3C /* Meeting 7 */ = {
			isa = PBXGroup;
			children = (
				163E657C2AFD8EA000941A3C /* BallDontLieService.swift */,
				163E65802AFD901500941A3C /* PlayerViewModel.swift */,
				163E657E2AFD8FFC00941A3C /* PlayerView.swift */,
			);
			path = "Meeting 7";
			sourceTree = "<group>";
		};
		16775F3D2AD89E92008EB47F /* Meeting 3 */ = {
			isa = PBXGroup;
			children = (
				16775F3E2AD89EA2008EB47F /* Meeting3.swift */,
				16775F782AD8B1A1008EB47F /* ToggleButton.swift */,
				16775F5C2AD8A3B8008EB47F /* Counter.swift */,
			);
			path = "Meeting 3";
			sourceTree = "<group>";
		};
		1687E6722AEB0CB2004C7F20 /* Meeting 5 */ = {
			isa = PBXGroup;
			children = (
				1687E6732AEB0CFA004C7F20 /* NavigationRoot.swift */,
				1687E6752AEB0DF2004C7F20 /* SubView.swift */,
				1687E6772AEB1106004C7F20 /* TabHome.swift */,
				1687E6792AEB1199004C7F20 /* GeneratedView.swift */,
				1687E67B2AEB12C8004C7F20 /* RosterItem.swift */,
				1687E67D2AEB14E0004C7F20 /* ListView.swift */,
				1687E67F2AEB166B004C7F20 /* ToDos.swift */,
			);
			path = "Meeting 5";
			sourceTree = "<group>";
		};
		16A4CA5F2ACF620500A476DF = {
			isa = PBXGroup;
			children = (
				16A4CA6A2ACF620500A476DF /* f23-academy-playground */,
				16A4CA692ACF620500A476DF /* Products */,
			);
			sourceTree = "<group>";
		};
		16A4CA692ACF620500A476DF /* Products */ = {
			isa = PBXGroup;
			children = (
				16A4CA682ACF620500A476DF /* f23-academy-playground.app */,
			);
			name = Products;
			sourceTree = "<group>";
		};
		16A4CA6A2ACF620500A476DF /* f23-academy-playground */ = {
			isa = PBXGroup;
			children = (
				16A4CA6B2ACF620600A476DF /* f23_academy_playgroundApp.swift */,
				16A4CA6D2ACF620600A476DF /* ContentView.swift */,
				160981F82B07C78200697FEE /* Meeting 8 */,
				163E657B2AFD8C7900941A3C /* Meeting 7 */,
				16B5CBA92AF4463300303696 /* Meeting 6 */,
				1687E6722AEB0CB2004C7F20 /* Meeting 5 */,
				16775F3D2AD89E92008EB47F /* Meeting 3 */,
				16A4CA792ACF625600A476DF /* Meeting 2 */,
				16A4CA6F2ACF620C00A476DF /* Assets.xcassets */,
				16A4CA712ACF620C00A476DF /* Preview Content */,
			);
			path = "f23-academy-playground";
			sourceTree = "<group>";
		};
		16A4CA712ACF620C00A476DF /* Preview Content */ = {
			isa = PBXGroup;
			children = (
				16A4CA722ACF620C00A476DF /* Preview Assets.xcassets */,
			);
			path = "Preview Content";
			sourceTree = "<group>";
		};
		16A4CA792ACF625600A476DF /* Meeting 2 */ = {
			isa = PBXGroup;
			children = (
				16A4CA7A2ACF626700A476DF /* NestedViews.swift */,
				16A4CA962ACF72E000A476DF /* TextView.swift */,
				16A4CAB22ACF9C5A00A476DF /* InstagramView.swift */,
			);
			path = "Meeting 2";
			sourceTree = "<group>";
		};
		16B5CBA92AF4463300303696 /* Meeting 6 */ = {
			isa = PBXGroup;
			children = (
				16B5CBAA2AF4466F00303696 /* WrongToDoView.swift */,
				16B5CBB22AF44D7F00303696 /* User.swift */,
				16B5CBC02AF4661C00303696 /* WorkoutView.swift */,
				16B5CBBC2AF4634C00303696 /* Exercise.swift */,
				16B5CBBE2AF465D000303696 /* ExerciseRowItemView.swift */,
				16B5CBB42AF44F3C00303696 /* UserCard.swift */,
				16B5CBB02AF44D3A00303696 /* UserView.swift */,
				16B5CBAC2AF446B700303696 /* WrongToDoModel.swift */,
				16B5CBAE2AF44B5900303696 /* WrongToDoItemView.swift */,
				16B5CBB62AF4612D00303696 /* LifteyViewModel.swift */,
				16B5CBB82AF4616300303696 /* LifteyView.swift */,
				16B5CBBA2AF4618F00303696 /* AddWorkoutView.swift */,
			);
			path = "Meeting 6";
			sourceTree = "<group>";
		};
/* End PBXGroup section */

/* Begin PBXNativeTarget section */
		16A4CA672ACF620500A476DF /* f23-academy-playground */ = {
			isa = PBXNativeTarget;
			buildConfigurationList = 16A4CA762ACF620C00A476DF /* Build configuration list for PBXNativeTarget "f23-academy-playground" */;
			buildPhases = (
				16A4CA642ACF620500A476DF /* Sources */,
				16A4CA652ACF620500A476DF /* Frameworks */,
				16A4CA662ACF620500A476DF /* Resources */,
			);
			buildRules = (
			);
			dependencies = (
			);
			name = "f23-academy-playground";
			productName = "f23-academy-playground";
			productReference = 16A4CA682ACF620500A476DF /* f23-academy-playground.app */;
			productType = "com.apple.product-type.application";
		};
/* End PBXNativeTarget section */

/* Begin PBXProject section */
		16A4CA602ACF620500A476DF /* Project object */ = {
			isa = PBXProject;
			attributes = {
				BuildIndependentTargetsInParallel = 1;
				LastSwiftUpdateCheck = 1420;
				LastUpgradeCheck = 1500;
				TargetAttributes = {
					16A4CA672ACF620500A476DF = {
						CreatedOnToolsVersion = 14.2;
					};
				};
			};
			buildConfigurationList = 16A4CA632ACF620500A476DF /* Build configuration list for PBXProject "f23-academy-playground" */;
			compatibilityVersion = "Xcode 14.0";
			developmentRegion = en;
			hasScannedForEncodings = 0;
			knownRegions = (
				en,
				Base,
			);
			mainGroup = 16A4CA5F2ACF620500A476DF;
			productRefGroup = 16A4CA692ACF620500A476DF /* Products */;
			projectDirPath = "";
			projectRoot = "";
			targets = (
				16A4CA672ACF620500A476DF /* f23-academy-playground */,
			);
		};
/* End PBXProject section */

/* Begin PBXResourcesBuildPhase section */
		16A4CA662ACF620500A476DF /* Resources */ = {
			isa = PBXResourcesBuildPhase;
			buildActionMask = 2147483647;
			files = (
				16A4CA732ACF620C00A476DF /* Preview Assets.xcassets in Resources */,
				16A4CA702ACF620C00A476DF /* Assets.xcassets in Resources */,
				160982002B07C79D00697FEE /* pokedex-data.json in Resources */,
			);
			runOnlyForDeploymentPostprocessing = 0;
		};
/* End PBXResourcesBuildPhase section */

/* Begin PBXSourcesBuildPhase section */
		16A4CA642ACF620500A476DF /* Sources */ = {
			isa = PBXSourcesBuildPhase;
			buildActionMask = 2147483647;
			files = (
				1687E6742AEB0CFA004C7F20 /* NavigationRoot.swift in Sources */,
				16A4CA6E2ACF620600A476DF /* ContentView.swift in Sources */,
				16A4CAB32ACF9C5A00A476DF /* InstagramView.swift in Sources */,
				16B5CBB12AF44D3A00303696 /* UserView.swift in Sources */,
				16B5CBC12AF4661C00303696 /* WorkoutView.swift in Sources */,
				16A4CA972ACF72E000A476DF /* TextView.swift in Sources */,
				16775F792AD8B1A1008EB47F /* ToggleButton.swift in Sources */,
				1687E6802AEB166B004C7F20 /* ToDos.swift in Sources */,
				16775F3F2AD89EA2008EB47F /* Meeting3.swift in Sources */,
				163E657F2AFD8FFC00941A3C /* PlayerView.swift in Sources */,
				16B5CBB32AF44D7F00303696 /* User.swift in Sources */,
				1687E6782AEB1106004C7F20 /* TabHome.swift in Sources */,
				160982032B07C79D00697FEE /* PokedexService.swift in Sources */,
				16B5CBBD2AF4634C00303696 /* Exercise.swift in Sources */,
				16B5CBAD2AF446B700303696 /* WrongToDoModel.swift in Sources */,
				16A4CA6C2ACF620600A476DF /* f23_academy_playgroundApp.swift in Sources */,
				1687E67C2AEB12C8004C7F20 /* RosterItem.swift in Sources */,
				16B5CBBF2AF465D000303696 /* ExerciseRowItemView.swift in Sources */,
				160982042B07C79D00697FEE /* PokemonView.swift in Sources */,
				1687E67A2AEB1199004C7F20 /* GeneratedView.swift in Sources */,
				1687E67E2AEB14E0004C7F20 /* ListView.swift in Sources */,
				163E657D2AFD8EA000941A3C /* BallDontLieService.swift in Sources */,
				16B5CBAF2AF44B5900303696 /* WrongToDoItemView.swift in Sources */,
				163E65812AFD901500941A3C /* PlayerViewModel.swift in Sources */,
				160982012B07C79D00697FEE /* PokemonViewModel.swift in Sources */,
				160982022B07C79D00697FEE /* PokeyView.swift in Sources */,
				16A4CA7B2ACF626700A476DF /* NestedViews.swift in Sources */,
				16B5CBAB2AF4466F00303696 /* WrongToDoView.swift in Sources */,
				160981FF2B07C79D00697FEE /* Models.swift in Sources */,
				16775F5D2AD8A3B8008EB47F /* Counter.swift in Sources */,
				16B5CBB52AF44F3C00303696 /* UserCard.swift in Sources */,
				16B5CBB92AF4616300303696 /* LifteyView.swift in Sources */,
				1687E6762AEB0DF2004C7F20 /* SubView.swift in Sources */,
				16B5CBBB2AF4618F00303696 /* AddWorkoutView.swift in Sources */,
				16B5CBB72AF4612D00303696 /* LifteyViewModel.swift in Sources */,
			);
			runOnlyForDeploymentPostprocessing = 0;
		};
/* End PBXSourcesBuildPhase section */

/* Begin XCBuildConfiguration section */
		16A4CA742ACF620C00A476DF /* Debug */ = {
			isa = XCBuildConfiguration;
			buildSettings = {
				ALWAYS_SEARCH_USER_PATHS = NO;
				CLANG_ANALYZER_NONNULL = YES;
				CLANG_ANALYZER_NUMBER_OBJECT_CONVERSION = YES_AGGRESSIVE;
				CLANG_CXX_LANGUAGE_STANDARD = "gnu++20";
				CLANG_ENABLE_MODULES = YES;
				CLANG_ENABLE_OBJC_ARC = YES;
				CLANG_ENABLE_OBJC_WEAK = YES;
				CLANG_WARN_BLOCK_CAPTURE_AUTORELEASING = YES;
				CLANG_WARN_BOOL_CONVERSION = YES;
				CLANG_WARN_COMMA = YES;
				CLANG_WARN_CONSTANT_CONVERSION = YES;
				CLANG_WARN_DEPRECATED_OBJC_IMPLEMENTATIONS = YES;
				CLANG_WARN_DIRECT_OBJC_ISA_USAGE = YES_ERROR;
				CLANG_WARN_DOCUMENTATION_COMMENTS = YES;
				CLANG_WARN_EMPTY_BODY = YES;
				CLANG_WARN_ENUM_CONVERSION = YES;
				CLANG_WARN_INFINITE_RECURSION = YES;
				CLANG_WARN_INT_CONVERSION = YES;
				CLANG_WARN_NON_LITERAL_NULL_CONVERSION = YES;
				CLANG_WARN_OBJC_IMPLICIT_RETAIN_SELF = YES;
				CLANG_WARN_OBJC_LITERAL_CONVERSION = YES;
				CLANG_WARN_OBJC_ROOT_CLASS = YES_ERROR;
				CLANG_WARN_QUOTED_INCLUDE_IN_FRAMEWORK_HEADER = YES;
				CLANG_WARN_RANGE_LOOP_ANALYSIS = YES;
				CLANG_WARN_STRICT_PROTOTYPES = YES;
				CLANG_WARN_SUSPICIOUS_MOVE = YES;
				CLANG_WARN_UNGUARDED_AVAILABILITY = YES_AGGRESSIVE;
				CLANG_WARN_UNREACHABLE_CODE = YES;
				CLANG_WARN__DUPLICATE_METHOD_MATCH = YES;
				COPY_PHASE_STRIP = NO;
				DEBUG_INFORMATION_FORMAT = dwarf;
				ENABLE_STRICT_OBJC_MSGSEND = YES;
				ENABLE_TESTABILITY = YES;
				ENABLE_USER_SCRIPT_SANDBOXING = YES;
				GCC_C_LANGUAGE_STANDARD = gnu11;
				GCC_DYNAMIC_NO_PIC = NO;
				GCC_NO_COMMON_BLOCKS = YES;
				GCC_OPTIMIZATION_LEVEL = 0;
				GCC_PREPROCESSOR_DEFINITIONS = (
					"DEBUG=1",
					"$(inherited)",
				);
				GCC_WARN_64_TO_32_BIT_CONVERSION = YES;
				GCC_WARN_ABOUT_RETURN_TYPE = YES_ERROR;
				GCC_WARN_UNDECLARED_SELECTOR = YES;
				GCC_WARN_UNINITIALIZED_AUTOS = YES_AGGRESSIVE;
				GCC_WARN_UNUSED_FUNCTION = YES;
				GCC_WARN_UNUSED_VARIABLE = YES;
				IPHONEOS_DEPLOYMENT_TARGET = 17.0;
				MTL_ENABLE_DEBUG_INFO = INCLUDE_SOURCE;
				MTL_FAST_MATH = YES;
				ONLY_ACTIVE_ARCH = YES;
				SDKROOT = iphoneos;
				SWIFT_ACTIVE_COMPILATION_CONDITIONS = DEBUG;
				SWIFT_OPTIMIZATION_LEVEL = "-Onone";
			};
			name = Debug;
		};
		16A4CA752ACF620C00A476DF /* Release */ = {
			isa = XCBuildConfiguration;
			buildSettings = {
				ALWAYS_SEARCH_USER_PATHS = NO;
				CLANG_ANALYZER_NONNULL = YES;
				CLANG_ANALYZER_NUMBER_OBJECT_CONVERSION = YES_AGGRESSIVE;
				CLANG_CXX_LANGUAGE_STANDARD = "gnu++20";
				CLANG_ENABLE_MODULES = YES;
				CLANG_ENABLE_OBJC_ARC = YES;
				CLANG_ENABLE_OBJC_WEAK = YES;
				CLANG_WARN_BLOCK_CAPTURE_AUTORELEASING = YES;
				CLANG_WARN_BOOL_CONVERSION = YES;
				CLANG_WARN_COMMA = YES;
				CLANG_WARN_CONSTANT_CONVERSION = YES;
				CLANG_WARN_DEPRECATED_OBJC_IMPLEMENTATIONS = YES;
				CLANG_WARN_DIRECT_OBJC_ISA_USAGE = YES_ERROR;
				CLANG_WARN_DOCUMENTATION_COMMENTS = YES;
				CLANG_WARN_EMPTY_BODY = YES;
				CLANG_WARN_ENUM_CONVERSION = YES;
				CLANG_WARN_INFINITE_RECURSION = YES;
				CLANG_WARN_INT_CONVERSION = YES;
				CLANG_WARN_NON_LITERAL_NULL_CONVERSION = YES;
				CLANG_WARN_OBJC_IMPLICIT_RETAIN_SELF = YES;
				CLANG_WARN_OBJC_LITERAL_CONVERSION = YES;
				CLANG_WARN_OBJC_ROOT_CLASS = YES_ERROR;
				CLANG_WARN_QUOTED_INCLUDE_IN_FRAMEWORK_HEADER = YES;
				CLANG_WARN_RANGE_LOOP_ANALYSIS = YES;
				CLANG_WARN_STRICT_PROTOTYPES = YES;
				CLANG_WARN_SUSPICIOUS_MOVE = YES;
				CLANG_WARN_UNGUARDED_AVAILABILITY = YES_AGGRESSIVE;
				CLANG_WARN_UNREACHABLE_CODE = YES;
				CLANG_WARN__DUPLICATE_METHOD_MATCH = YES;
				COPY_PHASE_STRIP = NO;
				DEBUG_INFORMATION_FORMAT = "dwarf-with-dsym";
				ENABLE_NS_ASSERTIONS = NO;
				ENABLE_STRICT_OBJC_MSGSEND = YES;
				ENABLE_USER_SCRIPT_SANDBOXING = YES;
				GCC_C_LANGUAGE_STANDARD = gnu11;
				GCC_NO_COMMON_BLOCKS = YES;
				GCC_WARN_64_TO_32_BIT_CONVERSION = YES;
				GCC_WARN_ABOUT_RETURN_TYPE = YES_ERROR;
				GCC_WARN_UNDECLARED_SELECTOR = YES;
				GCC_WARN_UNINITIALIZED_AUTOS = YES_AGGRESSIVE;
				GCC_WARN_UNUSED_FUNCTION = YES;
				GCC_WARN_UNUSED_VARIABLE = YES;
				IPHONEOS_DEPLOYMENT_TARGET = 17.0;
				MTL_ENABLE_DEBUG_INFO = NO;
				MTL_FAST_MATH = YES;
				SDKROOT = iphoneos;
				SWIFT_COMPILATION_MODE = wholemodule;
				SWIFT_OPTIMIZATION_LEVEL = "-O";
				VALIDATE_PRODUCT = YES;
			};
			name = Release;
		};
		16A4CA772ACF620C00A476DF /* Debug */ = {
			isa = XCBuildConfiguration;
			buildSettings = {
				ASSETCATALOG_COMPILER_APPICON_NAME = AppIcon;
				ASSETCATALOG_COMPILER_GLOBAL_ACCENT_COLOR_NAME = AccentColor;
				CODE_SIGN_STYLE = Automatic;
				CURRENT_PROJECT_VERSION = 1;
				DEVELOPMENT_ASSET_PATHS = "\"f23-academy-playground/Preview Content\"";
				DEVELOPMENT_TEAM = M23G284TD2;
				ENABLE_PREVIEWS = YES;
				GENERATE_INFOPLIST_FILE = YES;
				INFOPLIST_KEY_UIApplicationSceneManifest_Generation = YES;
				INFOPLIST_KEY_UIApplicationSupportsIndirectInputEvents = YES;
				INFOPLIST_KEY_UILaunchScreen_Generation = YES;
				INFOPLIST_KEY_UISupportedInterfaceOrientations_iPad = "UIInterfaceOrientationPortrait UIInterfaceOrientationPortraitUpsideDown UIInterfaceOrientationLandscapeLeft UIInterfaceOrientationLandscapeRight";
				INFOPLIST_KEY_UISupportedInterfaceOrientations_iPhone = "UIInterfaceOrientationPortrait UIInterfaceOrientationLandscapeLeft UIInterfaceOrientationLandscapeRight";
				LD_RUNPATH_SEARCH_PATHS = (
					"$(inherited)",
					"@executable_path/Frameworks",
				);
				MARKETING_VERSION = 1.0;
				PRODUCT_BUNDLE_IDENTIFIER = "alecnipp.f23-academy-playground";
				PRODUCT_NAME = "$(TARGET_NAME)";
				SWIFT_EMIT_LOC_STRINGS = YES;
				SWIFT_VERSION = 5.0;
				TARGETED_DEVICE_FAMILY = "1,2";
			};
			name = Debug;
		};
		16A4CA782ACF620C00A476DF /* Release */ = {
			isa = XCBuildConfiguration;
			buildSettings = {
				ASSETCATALOG_COMPILER_APPICON_NAME = AppIcon;
				ASSETCATALOG_COMPILER_GLOBAL_ACCENT_COLOR_NAME = AccentColor;
				CODE_SIGN_STYLE = Automatic;
				CURRENT_PROJECT_VERSION = 1;
				DEVELOPMENT_ASSET_PATHS = "\"f23-academy-playground/Preview Content\"";
				DEVELOPMENT_TEAM = M23G284TD2;
				ENABLE_PREVIEWS = YES;
				GENERATE_INFOPLIST_FILE = YES;
				INFOPLIST_KEY_UIApplicationSceneManifest_Generation = YES;
				INFOPLIST_KEY_UIApplicationSupportsIndirectInputEvents = YES;
				INFOPLIST_KEY_UILaunchScreen_Generation = YES;
				INFOPLIST_KEY_UISupportedInterfaceOrientations_iPad = "UIInterfaceOrientationPortrait UIInterfaceOrientationPortraitUpsideDown UIInterfaceOrientationLandscapeLeft UIInterfaceOrientationLandscapeRight";
				INFOPLIST_KEY_UISupportedInterfaceOrientations_iPhone = "UIInterfaceOrientationPortrait UIInterfaceOrientationLandscapeLeft UIInterfaceOrientationLandscapeRight";
				LD_RUNPATH_SEARCH_PATHS = (
					"$(inherited)",
					"@executable_path/Frameworks",
				);
				MARKETING_VERSION = 1.0;
				PRODUCT_BUNDLE_IDENTIFIER = "alecnipp.f23-academy-playground";
				PRODUCT_NAME = "$(TARGET_NAME)";
				SWIFT_EMIT_LOC_STRINGS = YES;
				SWIFT_VERSION = 5.0;
				TARGETED_DEVICE_FAMILY = "1,2";
			};
			name = Release;
		};
/* End XCBuildConfiguration section */

/* Begin XCConfigurationList section */
		16A4CA632ACF620500A476DF /* Build configuration list for PBXProject "f23-academy-playground" */ = {
			isa = XCConfigurationList;
			buildConfigurations = (
				16A4CA742ACF620C00A476DF /* Debug */,
				16A4CA752ACF620C00A476DF /* Release */,
			);
			defaultConfigurationIsVisible = 0;
			defaultConfigurationName = Release;
		};
		16A4CA762ACF620C00A476DF /* Build configuration list for PBXNativeTarget "f23-academy-playground" */ = {
			isa = XCConfigurationList;
			buildConfigurations = (
				16A4CA772ACF620C00A476DF /* Debug */,
				16A4CA782ACF620C00A476DF /* Release */,
			);
			defaultConfigurationIsVisible = 0;
			defaultConfigurationName = Release;
		};
/* End XCConfigurationList section */
	};
	rootObject = 16A4CA602ACF620500A476DF /* Project object */;
}
